// !$*UTF8*$!
{
	archiveVersion = 1;
	classes = {
	};
	objectVersion = 55;
	objects = {

/* Begin PBXBuildFile section */
		2345504127D3A5FC00ACE548 /* GalleryVC.swift in Sources */ = {isa = PBXBuildFile; fileRef = 2345504027D3A5FC00ACE548 /* GalleryVC.swift */; };
		2345504327D3A81500ACE548 /* Gallery.storyboard in Resources */ = {isa = PBXBuildFile; fileRef = 2345504227D3A81500ACE548 /* Gallery.storyboard */; };
		2345504527D3A85600ACE548 /* AddNC.swift in Sources */ = {isa = PBXBuildFile; fileRef = 2345504427D3A85600ACE548 /* AddNC.swift */; };
		2345504827D3BF3C00ACE548 /* OverlayImageCVC.swift in Sources */ = {isa = PBXBuildFile; fileRef = 2345504727D3BF3C00ACE548 /* OverlayImageCVC.swift */; };
		2345504B27D3DEB300ACE548 /* UIColor+.swift in Sources */ = {isa = PBXBuildFile; fileRef = 2345504A27D3DEB300ACE548 /* UIColor+.swift */; };
		2345504D27D3E89600ACE548 /* NavigationController+.swift in Sources */ = {isa = PBXBuildFile; fileRef = 2345504C27D3E89600ACE548 /* NavigationController+.swift */; };
		2345504F27D3F4F100ACE548 /* PostDetailVC.swift in Sources */ = {isa = PBXBuildFile; fileRef = 2345504E27D3F4F100ACE548 /* PostDetailVC.swift */; };
		2345505327D3F51F00ACE548 /* PostDetail.storyboard in Resources */ = {isa = PBXBuildFile; fileRef = 2345505227D3F51F00ACE548 /* PostDetail.storyboard */; };
		2345505927D3F6BB00ACE548 /* ChatInputView.swift in Sources */ = {isa = PBXBuildFile; fileRef = 2345505727D3F6BB00ACE548 /* ChatInputView.swift */; };
		2345505A27D3F6BB00ACE548 /* ChatInputView.xib in Resources */ = {isa = PBXBuildFile; fileRef = 2345505827D3F6BB00ACE548 /* ChatInputView.xib */; };
		2345505D27D3F72100ACE548 /* APIError.swift in Sources */ = {isa = PBXBuildFile; fileRef = 2345505C27D3F72100ACE548 /* APIError.swift */; };
		2345505F27D3F72900ACE548 /* APIService.swift in Sources */ = {isa = PBXBuildFile; fileRef = 2345505E27D3F72900ACE548 /* APIService.swift */; };
		2345506127D3F73200ACE548 /* APISession.swift in Sources */ = {isa = PBXBuildFile; fileRef = 2345506027D3F73200ACE548 /* APISession.swift */; };
		2345506327D3FB2600ACE548 /* UIView+.swift in Sources */ = {isa = PBXBuildFile; fileRef = 2345506227D3FB2600ACE548 /* UIView+.swift */; };
		2345506527D3FC0500ACE548 /* UITextField+.swift in Sources */ = {isa = PBXBuildFile; fileRef = 2345506427D3FC0500ACE548 /* UITextField+.swift */; };
		2345506727D402A400ACE548 /* TagView.xib in Resources */ = {isa = PBXBuildFile; fileRef = 2345506627D402A400ACE548 /* TagView.xib */; };
		2345506927D4033200ACE548 /* TagView.swift in Sources */ = {isa = PBXBuildFile; fileRef = 2345506827D4033200ACE548 /* TagView.swift */; };
		2345506D27D4046000ACE548 /* CommentTVC.swift in Sources */ = {isa = PBXBuildFile; fileRef = 2345506B27D4046000ACE548 /* CommentTVC.swift */; };
		2345506E27D4046000ACE548 /* CommentTVC.xib in Resources */ = {isa = PBXBuildFile; fileRef = 2345506C27D4046000ACE548 /* CommentTVC.xib */; };
		2345507027D4083000ACE548 /* UITextView+.swift in Sources */ = {isa = PBXBuildFile; fileRef = 2345506F27D4083000ACE548 /* UITextView+.swift */; };
		2345507227D4095900ACE548 /* UIFont+.swift in Sources */ = {isa = PBXBuildFile; fileRef = 2345507127D4095900ACE548 /* UIFont+.swift */; };
		2345507C27D40B3200ACE548 /* CommentModel.swift in Sources */ = {isa = PBXBuildFile; fileRef = 2345507B27D40B3200ACE548 /* CommentModel.swift */; };
		2345507E27D4121C00ACE548 /* PostModel.swift in Sources */ = {isa = PBXBuildFile; fileRef = 2345507D27D4121C00ACE548 /* PostModel.swift */; };
		2345508127D4175B00ACE548 /* PostContentTableViewHeader.swift in Sources */ = {isa = PBXBuildFile; fileRef = 2345507F27D4175B00ACE548 /* PostContentTableViewHeader.swift */; };
		2345508227D4175B00ACE548 /* PostContentTableViewHeader.xib in Resources */ = {isa = PBXBuildFile; fileRef = 2345508027D4175B00ACE548 /* PostContentTableViewHeader.xib */; };
		2345508527D41B5600ACE548 /* PostImageCVC.swift in Sources */ = {isa = PBXBuildFile; fileRef = 2345508327D41B5600ACE548 /* PostImageCVC.swift */; };
		2345508627D41B5600ACE548 /* PostImageCVC.xib in Resources */ = {isa = PBXBuildFile; fileRef = 2345508427D41B5600ACE548 /* PostImageCVC.xib */; };
		2345508827D41F9A00ACE548 /* UILabel+.swift in Sources */ = {isa = PBXBuildFile; fileRef = 2345508727D41F9A00ACE548 /* UILabel+.swift */; };
		2345508F27D4243700ACE548 /* Pretendard-Regular.otf in Resources */ = {isa = PBXBuildFile; fileRef = 2345508C27D4243700ACE548 /* Pretendard-Regular.otf */; };
		2345509027D4243700ACE548 /* Pretendard-Bold.otf in Resources */ = {isa = PBXBuildFile; fileRef = 2345508D27D4243700ACE548 /* Pretendard-Bold.otf */; };
		2345509127D4243700ACE548 /* Pretendard-Medium.otf in Resources */ = {isa = PBXBuildFile; fileRef = 2345508E27D4243700ACE548 /* Pretendard-Medium.otf */; };
		235E280B27D3574800CC5D10 /* AppDelegate.swift in Sources */ = {isa = PBXBuildFile; fileRef = 235E280A27D3574800CC5D10 /* AppDelegate.swift */; };
		235E281427D3574800CC5D10 /* Assets.xcassets in Resources */ = {isa = PBXBuildFile; fileRef = 235E281327D3574800CC5D10 /* Assets.xcassets */; };
		235E281727D3574800CC5D10 /* LaunchScreen.storyboard in Resources */ = {isa = PBXBuildFile; fileRef = 235E281527D3574800CC5D10 /* LaunchScreen.storyboard */; };
		235E282427D359EB00CC5D10 /* TabBarController.swift in Sources */ = {isa = PBXBuildFile; fileRef = 235E282327D359EB00CC5D10 /* TabBarController.swift */; };
		235E282627D35A2C00CC5D10 /* TabBar.storyboard in Resources */ = {isa = PBXBuildFile; fileRef = 235E282527D35A2C00CC5D10 /* TabBar.storyboard */; };
		235E282A27D35A9200CC5D10 /* StoryboardRepresentation.swift in Sources */ = {isa = PBXBuildFile; fileRef = 235E282927D35A9200CC5D10 /* StoryboardRepresentation.swift */; };
		235E282C27D35AA600CC5D10 /* TypeOfViewController.swift in Sources */ = {isa = PBXBuildFile; fileRef = 235E282B27D35AA600CC5D10 /* TypeOfViewController.swift */; };
		235E282E27D35ACE00CC5D10 /* ViewControllerFactory.swift in Sources */ = {isa = PBXBuildFile; fileRef = 235E282D27D35ACE00CC5D10 /* ViewControllerFactory.swift */; };
		235E283127D35AF000CC5D10 /* Identifiers.swift in Sources */ = {isa = PBXBuildFile; fileRef = 235E283027D35AF000CC5D10 /* Identifiers.swift */; };
		235E283727D35CDD00CC5D10 /* HomeVC.swift in Sources */ = {isa = PBXBuildFile; fileRef = 235E283627D35CDD00CC5D10 /* HomeVC.swift */; };
		235E283927D35CE900CC5D10 /* Home.storyboard in Resources */ = {isa = PBXBuildFile; fileRef = 235E283827D35CE900CC5D10 /* Home.storyboard */; };
		235E283B27D35CF400CC5D10 /* Camera.storyboard in Resources */ = {isa = PBXBuildFile; fileRef = 235E283A27D35CF400CC5D10 /* Camera.storyboard */; };
		235E283D27D35D0200CC5D10 /* CameraVC.swift in Sources */ = {isa = PBXBuildFile; fileRef = 235E283C27D35D0200CC5D10 /* CameraVC.swift */; };
		235E283F27D35D0D00CC5D10 /* MyPageVC.swift in Sources */ = {isa = PBXBuildFile; fileRef = 235E283E27D35D0D00CC5D10 /* MyPageVC.swift */; };
		235E284127D35D1600CC5D10 /* MyPage.storyboard in Resources */ = {isa = PBXBuildFile; fileRef = 235E284027D35D1600CC5D10 /* MyPage.storyboard */; };
		A4471F954317B51628EE1023 /* Pods_DEARPHOTO.framework in Frameworks */ = {isa = PBXBuildFile; fileRef = D57684698896B4B5B816E26A /* Pods_DEARPHOTO.framework */; };
/* End PBXBuildFile section */

/* Begin PBXFileReference section */
		2345504027D3A5FC00ACE548 /* GalleryVC.swift */ = {isa = PBXFileReference; lastKnownFileType = sourcecode.swift; path = GalleryVC.swift; sourceTree = "<group>"; };
		2345504227D3A81500ACE548 /* Gallery.storyboard */ = {isa = PBXFileReference; lastKnownFileType = file.storyboard; path = Gallery.storyboard; sourceTree = "<group>"; };
		2345504427D3A85600ACE548 /* AddNC.swift */ = {isa = PBXFileReference; lastKnownFileType = sourcecode.swift; path = AddNC.swift; sourceTree = "<group>"; };
		2345504727D3BF3C00ACE548 /* OverlayImageCVC.swift */ = {isa = PBXFileReference; lastKnownFileType = sourcecode.swift; path = OverlayImageCVC.swift; sourceTree = "<group>"; };
		2345504A27D3DEB300ACE548 /* UIColor+.swift */ = {isa = PBXFileReference; lastKnownFileType = sourcecode.swift; name = "UIColor+.swift"; path = "../../../../../../../Spring/UIColor+.swift"; sourceTree = "<group>"; };
		2345504C27D3E89600ACE548 /* NavigationController+.swift */ = {isa = PBXFileReference; lastKnownFileType = sourcecode.swift; path = "NavigationController+.swift"; sourceTree = "<group>"; };
		2345504E27D3F4F100ACE548 /* PostDetailVC.swift */ = {isa = PBXFileReference; lastKnownFileType = sourcecode.swift; path = PostDetailVC.swift; sourceTree = "<group>"; };
		2345505227D3F51F00ACE548 /* PostDetail.storyboard */ = {isa = PBXFileReference; lastKnownFileType = file.storyboard; path = PostDetail.storyboard; sourceTree = "<group>"; };
		2345505727D3F6BB00ACE548 /* ChatInputView.swift */ = {isa = PBXFileReference; lastKnownFileType = sourcecode.swift; path = ChatInputView.swift; sourceTree = "<group>"; };
		2345505827D3F6BB00ACE548 /* ChatInputView.xib */ = {isa = PBXFileReference; lastKnownFileType = file.xib; path = ChatInputView.xib; sourceTree = "<group>"; };
		2345505C27D3F72100ACE548 /* APIError.swift */ = {isa = PBXFileReference; lastKnownFileType = sourcecode.swift; path = APIError.swift; sourceTree = "<group>"; };
		2345505E27D3F72900ACE548 /* APIService.swift */ = {isa = PBXFileReference; lastKnownFileType = sourcecode.swift; path = APIService.swift; sourceTree = "<group>"; };
		2345506027D3F73200ACE548 /* APISession.swift */ = {isa = PBXFileReference; lastKnownFileType = sourcecode.swift; path = APISession.swift; sourceTree = "<group>"; };
		2345506227D3FB2600ACE548 /* UIView+.swift */ = {isa = PBXFileReference; lastKnownFileType = sourcecode.swift; path = "UIView+.swift"; sourceTree = "<group>"; };
		2345506427D3FC0500ACE548 /* UITextField+.swift */ = {isa = PBXFileReference; lastKnownFileType = sourcecode.swift; path = "UITextField+.swift"; sourceTree = "<group>"; };
		2345506627D402A400ACE548 /* TagView.xib */ = {isa = PBXFileReference; lastKnownFileType = file.xib; path = TagView.xib; sourceTree = "<group>"; };
		2345506827D4033200ACE548 /* TagView.swift */ = {isa = PBXFileReference; lastKnownFileType = sourcecode.swift; path = TagView.swift; sourceTree = "<group>"; };
		2345506B27D4046000ACE548 /* CommentTVC.swift */ = {isa = PBXFileReference; lastKnownFileType = sourcecode.swift; path = CommentTVC.swift; sourceTree = "<group>"; };
		2345506C27D4046000ACE548 /* CommentTVC.xib */ = {isa = PBXFileReference; lastKnownFileType = file.xib; path = CommentTVC.xib; sourceTree = "<group>"; };
		2345506F27D4083000ACE548 /* UITextView+.swift */ = {isa = PBXFileReference; lastKnownFileType = sourcecode.swift; path = "UITextView+.swift"; sourceTree = "<group>"; };
		2345507127D4095900ACE548 /* UIFont+.swift */ = {isa = PBXFileReference; lastKnownFileType = sourcecode.swift; path = "UIFont+.swift"; sourceTree = "<group>"; };
		2345507B27D40B3200ACE548 /* CommentModel.swift */ = {isa = PBXFileReference; lastKnownFileType = sourcecode.swift; name = CommentModel.swift; path = ../../../../../../../../Spring/CommentModel.swift; sourceTree = "<group>"; };
		2345507D27D4121C00ACE548 /* PostModel.swift */ = {isa = PBXFileReference; lastKnownFileType = sourcecode.swift; path = PostModel.swift; sourceTree = "<group>"; };
		2345507F27D4175B00ACE548 /* PostContentTableViewHeader.swift */ = {isa = PBXFileReference; lastKnownFileType = sourcecode.swift; path = PostContentTableViewHeader.swift; sourceTree = "<group>"; };
		2345508027D4175B00ACE548 /* PostContentTableViewHeader.xib */ = {isa = PBXFileReference; lastKnownFileType = file.xib; path = PostContentTableViewHeader.xib; sourceTree = "<group>"; };
		2345508327D41B5600ACE548 /* PostImageCVC.swift */ = {isa = PBXFileReference; lastKnownFileType = sourcecode.swift; path = PostImageCVC.swift; sourceTree = "<group>"; };
		2345508427D41B5600ACE548 /* PostImageCVC.xib */ = {isa = PBXFileReference; lastKnownFileType = file.xib; path = PostImageCVC.xib; sourceTree = "<group>"; };
		2345508727D41F9A00ACE548 /* UILabel+.swift */ = {isa = PBXFileReference; lastKnownFileType = sourcecode.swift; path = "UILabel+.swift"; sourceTree = "<group>"; };
		2345508C27D4243700ACE548 /* Pretendard-Regular.otf */ = {isa = PBXFileReference; lastKnownFileType = file; path = "Pretendard-Regular.otf"; sourceTree = "<group>"; };
		2345508D27D4243700ACE548 /* Pretendard-Bold.otf */ = {isa = PBXFileReference; lastKnownFileType = file; path = "Pretendard-Bold.otf"; sourceTree = "<group>"; };
		2345508E27D4243700ACE548 /* Pretendard-Medium.otf */ = {isa = PBXFileReference; lastKnownFileType = file; path = "Pretendard-Medium.otf"; sourceTree = "<group>"; };
		235E280727D3574800CC5D10 /* DEARPHOTO.app */ = {isa = PBXFileReference; explicitFileType = wrapper.application; includeInIndex = 0; path = DEARPHOTO.app; sourceTree = BUILT_PRODUCTS_DIR; };
		235E280A27D3574800CC5D10 /* AppDelegate.swift */ = {isa = PBXFileReference; lastKnownFileType = sourcecode.swift; path = AppDelegate.swift; sourceTree = "<group>"; };
		235E281327D3574800CC5D10 /* Assets.xcassets */ = {isa = PBXFileReference; lastKnownFileType = folder.assetcatalog; path = Assets.xcassets; sourceTree = "<group>"; };
		235E281627D3574800CC5D10 /* Base */ = {isa = PBXFileReference; lastKnownFileType = file.storyboard; name = Base; path = Base.lproj/LaunchScreen.storyboard; sourceTree = "<group>"; };
		235E281827D3574800CC5D10 /* Info.plist */ = {isa = PBXFileReference; lastKnownFileType = text.plist.xml; path = Info.plist; sourceTree = "<group>"; };
		235E282327D359EB00CC5D10 /* TabBarController.swift */ = {isa = PBXFileReference; lastKnownFileType = sourcecode.swift; path = TabBarController.swift; sourceTree = "<group>"; };
		235E282527D35A2C00CC5D10 /* TabBar.storyboard */ = {isa = PBXFileReference; lastKnownFileType = file.storyboard; path = TabBar.storyboard; sourceTree = "<group>"; };
		235E282927D35A9200CC5D10 /* StoryboardRepresentation.swift */ = {isa = PBXFileReference; lastKnownFileType = sourcecode.swift; path = StoryboardRepresentation.swift; sourceTree = "<group>"; };
		235E282B27D35AA600CC5D10 /* TypeOfViewController.swift */ = {isa = PBXFileReference; lastKnownFileType = sourcecode.swift; path = TypeOfViewController.swift; sourceTree = "<group>"; };
		235E282D27D35ACE00CC5D10 /* ViewControllerFactory.swift */ = {isa = PBXFileReference; lastKnownFileType = sourcecode.swift; path = ViewControllerFactory.swift; sourceTree = "<group>"; };
		235E283027D35AF000CC5D10 /* Identifiers.swift */ = {isa = PBXFileReference; lastKnownFileType = sourcecode.swift; path = Identifiers.swift; sourceTree = "<group>"; };
		235E283627D35CDD00CC5D10 /* HomeVC.swift */ = {isa = PBXFileReference; lastKnownFileType = sourcecode.swift; path = HomeVC.swift; sourceTree = "<group>"; };
		235E283827D35CE900CC5D10 /* Home.storyboard */ = {isa = PBXFileReference; lastKnownFileType = file.storyboard; path = Home.storyboard; sourceTree = "<group>"; };
		235E283A27D35CF400CC5D10 /* Camera.storyboard */ = {isa = PBXFileReference; lastKnownFileType = file.storyboard; path = Camera.storyboard; sourceTree = "<group>"; };
		235E283C27D35D0200CC5D10 /* CameraVC.swift */ = {isa = PBXFileReference; lastKnownFileType = sourcecode.swift; path = CameraVC.swift; sourceTree = "<group>"; };
		235E283E27D35D0D00CC5D10 /* MyPageVC.swift */ = {isa = PBXFileReference; lastKnownFileType = sourcecode.swift; path = MyPageVC.swift; sourceTree = "<group>"; };
		235E284027D35D1600CC5D10 /* MyPage.storyboard */ = {isa = PBXFileReference; lastKnownFileType = file.storyboard; path = MyPage.storyboard; sourceTree = "<group>"; };
		D57684698896B4B5B816E26A /* Pods_DEARPHOTO.framework */ = {isa = PBXFileReference; explicitFileType = wrapper.framework; includeInIndex = 0; path = Pods_DEARPHOTO.framework; sourceTree = BUILT_PRODUCTS_DIR; };
		E30494EA9D8E1E124BFF2605 /* Pods-DEARPHOTO.debug.xcconfig */ = {isa = PBXFileReference; includeInIndex = 1; lastKnownFileType = text.xcconfig; name = "Pods-DEARPHOTO.debug.xcconfig"; path = "Target Support Files/Pods-DEARPHOTO/Pods-DEARPHOTO.debug.xcconfig"; sourceTree = "<group>"; };
		ED914257561192D24619E07C /* Pods-DEARPHOTO.release.xcconfig */ = {isa = PBXFileReference; includeInIndex = 1; lastKnownFileType = text.xcconfig; name = "Pods-DEARPHOTO.release.xcconfig"; path = "Target Support Files/Pods-DEARPHOTO/Pods-DEARPHOTO.release.xcconfig"; sourceTree = "<group>"; };
/* End PBXFileReference section */

/* Begin PBXFrameworksBuildPhase section */
		235E280427D3574800CC5D10 /* Frameworks */ = {
			isa = PBXFrameworksBuildPhase;
			buildActionMask = 2147483647;
			files = (
				A4471F954317B51628EE1023 /* Pods_DEARPHOTO.framework in Frameworks */,
			);
			runOnlyForDeploymentPostprocessing = 0;
		};
/* End PBXFrameworksBuildPhase section */

/* Begin PBXGroup section */
		0C60FEFF068A5780F51CDDBE /* Pods */ = {
			isa = PBXGroup;
			children = (
				E30494EA9D8E1E124BFF2605 /* Pods-DEARPHOTO.debug.xcconfig */,
				ED914257561192D24619E07C /* Pods-DEARPHOTO.release.xcconfig */,
			);
			path = Pods;
			sourceTree = "<group>";
		};
		2345503E27D3869B00ACE548 /* Storyboard */ = {
			isa = PBXGroup;
			children = (
				235E283A27D35CF400CC5D10 /* Camera.storyboard */,
				2345504227D3A81500ACE548 /* Gallery.storyboard */,
			);
			path = Storyboard;
			sourceTree = "<group>";
		};
		2345503F27D386A200ACE548 /* Controller */ = {
			isa = PBXGroup;
			children = (
				235E283C27D35D0200CC5D10 /* CameraVC.swift */,
				2345504027D3A5FC00ACE548 /* GalleryVC.swift */,
				2345504427D3A85600ACE548 /* AddNC.swift */,
			);
			path = Controller;
			sourceTree = "<group>";
		};
		2345504627D3BDBF00ACE548 /* Cell */ = {
			isa = PBXGroup;
			children = (
				2345504727D3BF3C00ACE548 /* OverlayImageCVC.swift */,
			);
			path = Cell;
			sourceTree = "<group>";
		};
		2345504927D3DEA300ACE548 /* Extension */ = {
			isa = PBXGroup;
			children = (
				2345504A27D3DEB300ACE548 /* UIColor+.swift */,
				2345504C27D3E89600ACE548 /* NavigationController+.swift */,
				2345506227D3FB2600ACE548 /* UIView+.swift */,
				2345506427D3FC0500ACE548 /* UITextField+.swift */,
				2345506F27D4083000ACE548 /* UITextView+.swift */,
				2345507127D4095900ACE548 /* UIFont+.swift */,
				2345508727D41F9A00ACE548 /* UILabel+.swift */,
			);
			path = Extension;
			sourceTree = "<group>";
		};
		2345505027D3F4FE00ACE548 /* Controller */ = {
			isa = PBXGroup;
			children = (
				2345504E27D3F4F100ACE548 /* PostDetailVC.swift */,
				2345505727D3F6BB00ACE548 /* ChatInputView.swift */,
				2345506827D4033200ACE548 /* TagView.swift */,
				2345507F27D4175B00ACE548 /* PostContentTableViewHeader.swift */,
			);
			path = Controller;
			sourceTree = "<group>";
		};
		2345505127D3F50900ACE548 /* Storyboard */ = {
			isa = PBXGroup;
			children = (
				2345505227D3F51F00ACE548 /* PostDetail.storyboard */,
				2345505827D3F6BB00ACE548 /* ChatInputView.xib */,
				2345506627D402A400ACE548 /* TagView.xib */,
				2345508027D4175B00ACE548 /* PostContentTableViewHeader.xib */,
			);
			path = Storyboard;
			sourceTree = "<group>";
		};
		2345505427D3F63500ACE548 /* PostDetail */ = {
			isa = PBXGroup;
			children = (
				2345507A27D40B2800ACE548 /* Model */,
				2345506A27D4043400ACE548 /* Cell */,
				2345505127D3F50900ACE548 /* Storyboard */,
				2345505027D3F4FE00ACE548 /* Controller */,
			);
			path = PostDetail;
			sourceTree = "<group>";
		};
		2345505B27D3F71500ACE548 /* Network */ = {
			isa = PBXGroup;
			children = (
				2345505C27D3F72100ACE548 /* APIError.swift */,
				2345505E27D3F72900ACE548 /* APIService.swift */,
				2345506027D3F73200ACE548 /* APISession.swift */,
			);
			path = Network;
			sourceTree = "<group>";
		};
		2345506A27D4043400ACE548 /* Cell */ = {
			isa = PBXGroup;
			children = (
				2345506B27D4046000ACE548 /* CommentTVC.swift */,
				2345506C27D4046000ACE548 /* CommentTVC.xib */,
				2345508327D41B5600ACE548 /* PostImageCVC.swift */,
				2345508427D41B5600ACE548 /* PostImageCVC.xib */,
			);
			path = Cell;
			sourceTree = "<group>";
		};
		2345507A27D40B2800ACE548 /* Model */ = {
			isa = PBXGroup;
			children = (
				2345507B27D40B3200ACE548 /* CommentModel.swift */,
				2345507D27D4121C00ACE548 /* PostModel.swift */,
			);
			path = Model;
			sourceTree = "<group>";
		};
		2345508B27D4241A00ACE548 /* Fonts */ = {
			isa = PBXGroup;
			children = (
				2345508D27D4243700ACE548 /* Pretendard-Bold.otf */,
				2345508E27D4243700ACE548 /* Pretendard-Medium.otf */,
				2345508C27D4243700ACE548 /* Pretendard-Regular.otf */,
			);
			path = Fonts;
			sourceTree = "<group>";
		};
		235E27FE27D3574800CC5D10 = {
			isa = PBXGroup;
			children = (
				235E280927D3574800CC5D10 /* DEARPHOTO */,
				235E280827D3574800CC5D10 /* Products */,
				0C60FEFF068A5780F51CDDBE /* Pods */,
				735458AD371CFB1CAD891F17 /* Frameworks */,
			);
			sourceTree = "<group>";
		};
		235E280827D3574800CC5D10 /* Products */ = {
			isa = PBXGroup;
			children = (
				235E280727D3574800CC5D10 /* DEARPHOTO.app */,
			);
			name = Products;
			sourceTree = "<group>";
		};
		235E280927D3574800CC5D10 /* DEARPHOTO */ = {
			isa = PBXGroup;
			children = (
				235E282727D35A7700CC5D10 /* Global */,
				235E281F27D3596D00CC5D10 /* Screen */,
				235E281E27D358BA00CC5D10 /* Supports */,
				235E281527D3574800CC5D10 /* LaunchScreen.storyboard */,
			);
			path = DEARPHOTO;
			sourceTree = "<group>";
		};
		235E281E27D358BA00CC5D10 /* Supports */ = {
			isa = PBXGroup;
			children = (
				235E280A27D3574800CC5D10 /* AppDelegate.swift */,
				235E281327D3574800CC5D10 /* Assets.xcassets */,
				235E281827D3574800CC5D10 /* Info.plist */,
			);
			path = Supports;
			sourceTree = "<group>";
		};
		235E281F27D3596D00CC5D10 /* Screen */ = {
			isa = PBXGroup;
			children = (
				235E282027D3597200CC5D10 /* TabBar */,
				235E283227D35C6700CC5D10 /* Home */,
				2345505427D3F63500ACE548 /* PostDetail */,
				235E283427D35C8400CC5D10 /* Camera */,
				235E283527D35C8900CC5D10 /* MyPage */,
			);
			path = Screen;
			sourceTree = "<group>";
		};
		235E282027D3597200CC5D10 /* TabBar */ = {
			isa = PBXGroup;
			children = (
				235E282127D359AD00CC5D10 /* Storyboard */,
				235E282227D359B900CC5D10 /* Controller */,
			);
			path = TabBar;
			sourceTree = "<group>";
		};
		235E282127D359AD00CC5D10 /* Storyboard */ = {
			isa = PBXGroup;
			children = (
				235E282527D35A2C00CC5D10 /* TabBar.storyboard */,
			);
			path = Storyboard;
			sourceTree = "<group>";
		};
		235E282227D359B900CC5D10 /* Controller */ = {
			isa = PBXGroup;
			children = (
				235E282327D359EB00CC5D10 /* TabBarController.swift */,
			);
			path = Controller;
			sourceTree = "<group>";
		};
		235E282727D35A7700CC5D10 /* Global */ = {
			isa = PBXGroup;
			children = (
				2345508B27D4241A00ACE548 /* Fonts */,
				2345505B27D3F71500ACE548 /* Network */,
				2345504927D3DEA300ACE548 /* Extension */,
				235E282F27D35AE500CC5D10 /* Struct */,
				235E282827D35A8000CC5D10 /* Factory */,
			);
			path = Global;
			sourceTree = "<group>";
		};
		235E282827D35A8000CC5D10 /* Factory */ = {
			isa = PBXGroup;
			children = (
				235E282927D35A9200CC5D10 /* StoryboardRepresentation.swift */,
				235E282B27D35AA600CC5D10 /* TypeOfViewController.swift */,
				235E282D27D35ACE00CC5D10 /* ViewControllerFactory.swift */,
			);
			path = Factory;
			sourceTree = "<group>";
		};
		235E282F27D35AE500CC5D10 /* Struct */ = {
			isa = PBXGroup;
			children = (
				235E283027D35AF000CC5D10 /* Identifiers.swift */,
			);
			path = Struct;
			sourceTree = "<group>";
		};
		235E283227D35C6700CC5D10 /* Home */ = {
			isa = PBXGroup;
			children = (
				235E283827D35CE900CC5D10 /* Home.storyboard */,
				235E283627D35CDD00CC5D10 /* HomeVC.swift */,
			);
			path = Home;
			sourceTree = "<group>";
		};
		235E283427D35C8400CC5D10 /* Camera */ = {
			isa = PBXGroup;
			children = (
				2345503E27D3869B00ACE548 /* Storyboard */,
				2345503F27D386A200ACE548 /* Controller */,
				2345504627D3BDBF00ACE548 /* Cell */,
			);
			path = Camera;
			sourceTree = "<group>";
		};
		235E283527D35C8900CC5D10 /* MyPage */ = {
			isa = PBXGroup;
			children = (
				235E283E27D35D0D00CC5D10 /* MyPageVC.swift */,
				235E284027D35D1600CC5D10 /* MyPage.storyboard */,
			);
			path = MyPage;
			sourceTree = "<group>";
		};
		735458AD371CFB1CAD891F17 /* Frameworks */ = {
			isa = PBXGroup;
			children = (
				D57684698896B4B5B816E26A /* Pods_DEARPHOTO.framework */,
			);
			name = Frameworks;
			sourceTree = "<group>";
		};
/* End PBXGroup section */

/* Begin PBXNativeTarget section */
		235E280627D3574800CC5D10 /* DEARPHOTO */ = {
			isa = PBXNativeTarget;
			buildConfigurationList = 235E281B27D3574800CC5D10 /* Build configuration list for PBXNativeTarget "DEARPHOTO" */;
			buildPhases = (
				5DF3B0C6403EBC4BC9EE7F03 /* [CP] Check Pods Manifest.lock */,
				235E280327D3574800CC5D10 /* Sources */,
				235E280427D3574800CC5D10 /* Frameworks */,
				235E280527D3574800CC5D10 /* Resources */,
				36DF562CB21A754831507BC5 /* [CP] Embed Pods Frameworks */,
			);
			buildRules = (
			);
			dependencies = (
			);
			name = DEARPHOTO;
			productName = DEARPHOTO;
			productReference = 235E280727D3574800CC5D10 /* DEARPHOTO.app */;
			productType = "com.apple.product-type.application";
		};
/* End PBXNativeTarget section */

/* Begin PBXProject section */
		235E27FF27D3574800CC5D10 /* Project object */ = {
			isa = PBXProject;
			attributes = {
				BuildIndependentTargetsInParallel = 1;
				LastSwiftUpdateCheck = 1310;
				LastUpgradeCheck = 1310;
				TargetAttributes = {
					235E280627D3574800CC5D10 = {
						CreatedOnToolsVersion = 13.1;
					};
				};
			};
			buildConfigurationList = 235E280227D3574800CC5D10 /* Build configuration list for PBXProject "DEARPHOTO" */;
			compatibilityVersion = "Xcode 13.0";
			developmentRegion = en;
			hasScannedForEncodings = 0;
			knownRegions = (
				en,
				Base,
			);
			mainGroup = 235E27FE27D3574800CC5D10;
			productRefGroup = 235E280827D3574800CC5D10 /* Products */;
			projectDirPath = "";
			projectRoot = "";
			targets = (
				235E280627D3574800CC5D10 /* DEARPHOTO */,
			);
		};
/* End PBXProject section */

/* Begin PBXResourcesBuildPhase section */
		235E280527D3574800CC5D10 /* Resources */ = {
			isa = PBXResourcesBuildPhase;
			buildActionMask = 2147483647;
			files = (
				235E282627D35A2C00CC5D10 /* TabBar.storyboard in Resources */,
				2345509027D4243700ACE548 /* Pretendard-Bold.otf in Resources */,
				2345506727D402A400ACE548 /* TagView.xib in Resources */,
				2345509127D4243700ACE548 /* Pretendard-Medium.otf in Resources */,
				235E283B27D35CF400CC5D10 /* Camera.storyboard in Resources */,
				235E283927D35CE900CC5D10 /* Home.storyboard in Resources */,
				2345508627D41B5600ACE548 /* PostImageCVC.xib in Resources */,
				2345504327D3A81500ACE548 /* Gallery.storyboard in Resources */,
				2345508227D4175B00ACE548 /* PostContentTableViewHeader.xib in Resources */,
				2345506E27D4046000ACE548 /* CommentTVC.xib in Resources */,
				235E281727D3574800CC5D10 /* LaunchScreen.storyboard in Resources */,
				2345505327D3F51F00ACE548 /* PostDetail.storyboard in Resources */,
				2345505A27D3F6BB00ACE548 /* ChatInputView.xib in Resources */,
				2345508F27D4243700ACE548 /* Pretendard-Regular.otf in Resources */,
				235E284127D35D1600CC5D10 /* MyPage.storyboard in Resources */,
				235E281427D3574800CC5D10 /* Assets.xcassets in Resources */,
			);
			runOnlyForDeploymentPostprocessing = 0;
		};
/* End PBXResourcesBuildPhase section */

/* Begin PBXShellScriptBuildPhase section */
		36DF562CB21A754831507BC5 /* [CP] Embed Pods Frameworks */ = {
			isa = PBXShellScriptBuildPhase;
			buildActionMask = 2147483647;
			files = (
			);
			inputFileListPaths = (
				"${PODS_ROOT}/Target Support Files/Pods-DEARPHOTO/Pods-DEARPHOTO-frameworks-${CONFIGURATION}-input-files.xcfilelist",
			);
			name = "[CP] Embed Pods Frameworks";
			outputFileListPaths = (
				"${PODS_ROOT}/Target Support Files/Pods-DEARPHOTO/Pods-DEARPHOTO-frameworks-${CONFIGURATION}-output-files.xcfilelist",
			);
			runOnlyForDeploymentPostprocessing = 0;
			shellPath = /bin/sh;
			shellScript = "\"${PODS_ROOT}/Target Support Files/Pods-DEARPHOTO/Pods-DEARPHOTO-frameworks.sh\"\n";
			showEnvVarsInLog = 0;
		};
		5DF3B0C6403EBC4BC9EE7F03 /* [CP] Check Pods Manifest.lock */ = {
			isa = PBXShellScriptBuildPhase;
			buildActionMask = 2147483647;
			files = (
			);
			inputFileListPaths = (
			);
			inputPaths = (
				"${PODS_PODFILE_DIR_PATH}/Podfile.lock",
				"${PODS_ROOT}/Manifest.lock",
			);
			name = "[CP] Check Pods Manifest.lock";
			outputFileListPaths = (
			);
			outputPaths = (
				"$(DERIVED_FILE_DIR)/Pods-DEARPHOTO-checkManifestLockResult.txt",
			);
			runOnlyForDeploymentPostprocessing = 0;
			shellPath = /bin/sh;
			shellScript = "diff \"${PODS_PODFILE_DIR_PATH}/Podfile.lock\" \"${PODS_ROOT}/Manifest.lock\" > /dev/null\nif [ $? != 0 ] ; then\n    # print error to STDERR\n    echo \"error: The sandbox is not in sync with the Podfile.lock. Run 'pod install' or update your CocoaPods installation.\" >&2\n    exit 1\nfi\n# This output is used by Xcode 'outputs' to avoid re-running this script phase.\necho \"SUCCESS\" > \"${SCRIPT_OUTPUT_FILE_0}\"\n";
			showEnvVarsInLog = 0;
		};
/* End PBXShellScriptBuildPhase section */

/* Begin PBXSourcesBuildPhase section */
		235E280327D3574800CC5D10 /* Sources */ = {
			isa = PBXSourcesBuildPhase;
			buildActionMask = 2147483647;
			files = (
				235E282427D359EB00CC5D10 /* TabBarController.swift in Sources */,
				2345504127D3A5FC00ACE548 /* GalleryVC.swift in Sources */,
				2345504827D3BF3C00ACE548 /* OverlayImageCVC.swift in Sources */,
				2345505D27D3F72100ACE548 /* APIError.swift in Sources */,
				2345506327D3FB2600ACE548 /* UIView+.swift in Sources */,
				2345507C27D40B3200ACE548 /* CommentModel.swift in Sources */,
				235E283D27D35D0200CC5D10 /* CameraVC.swift in Sources */,
				235E283727D35CDD00CC5D10 /* HomeVC.swift in Sources */,
				2345507227D4095900ACE548 /* UIFont+.swift in Sources */,
				235E282A27D35A9200CC5D10 /* StoryboardRepresentation.swift in Sources */,
				2345508527D41B5600ACE548 /* PostImageCVC.swift in Sources */,
				2345506127D3F73200ACE548 /* APISession.swift in Sources */,
				2345508827D41F9A00ACE548 /* UILabel+.swift in Sources */,
				2345506527D3FC0500ACE548 /* UITextField+.swift in Sources */,
				2345504527D3A85600ACE548 /* AddNC.swift in Sources */,
				2345504F27D3F4F100ACE548 /* PostDetailVC.swift in Sources */,
				2345504D27D3E89600ACE548 /* NavigationController+.swift in Sources */,
				2345507027D4083000ACE548 /* UITextView+.swift in Sources */,
				2345506927D4033200ACE548 /* TagView.swift in Sources */,
				2345505927D3F6BB00ACE548 /* ChatInputView.swift in Sources */,
				235E282C27D35AA600CC5D10 /* TypeOfViewController.swift in Sources */,
				2345507E27D4121C00ACE548 /* PostModel.swift in Sources */,
				235E282E27D35ACE00CC5D10 /* ViewControllerFactory.swift in Sources */,
				235E283127D35AF000CC5D10 /* Identifiers.swift in Sources */,
				2345506D27D4046000ACE548 /* CommentTVC.swift in Sources */,
				2345504B27D3DEB300ACE548 /* UIColor+.swift in Sources */,
				2345508127D4175B00ACE548 /* PostContentTableViewHeader.swift in Sources */,
				235E283F27D35D0D00CC5D10 /* MyPageVC.swift in Sources */,
				2345505F27D3F72900ACE548 /* APIService.swift in Sources */,
				235E280B27D3574800CC5D10 /* AppDelegate.swift in Sources */,
			);
			runOnlyForDeploymentPostprocessing = 0;
		};
/* End PBXSourcesBuildPhase section */

/* Begin PBXVariantGroup section */
		235E281527D3574800CC5D10 /* LaunchScreen.storyboard */ = {
			isa = PBXVariantGroup;
			children = (
				235E281627D3574800CC5D10 /* Base */,
			);
			name = LaunchScreen.storyboard;
			sourceTree = "<group>";
		};
/* End PBXVariantGroup section */

/* Begin XCBuildConfiguration section */
		235E281927D3574800CC5D10 /* Debug */ = {
			isa = XCBuildConfiguration;
			buildSettings = {
				ALWAYS_SEARCH_USER_PATHS = NO;
				CLANG_ANALYZER_NONNULL = YES;
				CLANG_ANALYZER_NUMBER_OBJECT_CONVERSION = YES_AGGRESSIVE;
				CLANG_CXX_LANGUAGE_STANDARD = "gnu++17";
				CLANG_CXX_LIBRARY = "libc++";
				CLANG_ENABLE_MODULES = YES;
				CLANG_ENABLE_OBJC_ARC = YES;
				CLANG_ENABLE_OBJC_WEAK = YES;
				CLANG_WARN_BLOCK_CAPTURE_AUTORELEASING = YES;
				CLANG_WARN_BOOL_CONVERSION = YES;
				CLANG_WARN_COMMA = YES;
				CLANG_WARN_CONSTANT_CONVERSION = YES;
				CLANG_WARN_DEPRECATED_OBJC_IMPLEMENTATIONS = YES;
				CLANG_WARN_DIRECT_OBJC_ISA_USAGE = YES_ERROR;
				CLANG_WARN_DOCUMENTATION_COMMENTS = YES;
				CLANG_WARN_EMPTY_BODY = YES;
				CLANG_WARN_ENUM_CONVERSION = YES;
				CLANG_WARN_INFINITE_RECURSION = YES;
				CLANG_WARN_INT_CONVERSION = YES;
				CLANG_WARN_NON_LITERAL_NULL_CONVERSION = YES;
				CLANG_WARN_OBJC_IMPLICIT_RETAIN_SELF = YES;
				CLANG_WARN_OBJC_LITERAL_CONVERSION = YES;
				CLANG_WARN_OBJC_ROOT_CLASS = YES_ERROR;
				CLANG_WARN_QUOTED_INCLUDE_IN_FRAMEWORK_HEADER = YES;
				CLANG_WARN_RANGE_LOOP_ANALYSIS = YES;
				CLANG_WARN_STRICT_PROTOTYPES = YES;
				CLANG_WARN_SUSPICIOUS_MOVE = YES;
				CLANG_WARN_UNGUARDED_AVAILABILITY = YES_AGGRESSIVE;
				CLANG_WARN_UNREACHABLE_CODE = YES;
				CLANG_WARN__DUPLICATE_METHOD_MATCH = YES;
				COPY_PHASE_STRIP = NO;
				DEBUG_INFORMATION_FORMAT = dwarf;
				ENABLE_STRICT_OBJC_MSGSEND = YES;
				ENABLE_TESTABILITY = YES;
				GCC_C_LANGUAGE_STANDARD = gnu11;
				GCC_DYNAMIC_NO_PIC = NO;
				GCC_NO_COMMON_BLOCKS = YES;
				GCC_OPTIMIZATION_LEVEL = 0;
				GCC_PREPROCESSOR_DEFINITIONS = (
					"DEBUG=1",
					"$(inherited)",
				);
				GCC_WARN_64_TO_32_BIT_CONVERSION = YES;
				GCC_WARN_ABOUT_RETURN_TYPE = YES_ERROR;
				GCC_WARN_UNDECLARED_SELECTOR = YES;
				GCC_WARN_UNINITIALIZED_AUTOS = YES_AGGRESSIVE;
				GCC_WARN_UNUSED_FUNCTION = YES;
				GCC_WARN_UNUSED_VARIABLE = YES;
				IPHONEOS_DEPLOYMENT_TARGET = 15.0;
				MTL_ENABLE_DEBUG_INFO = INCLUDE_SOURCE;
				MTL_FAST_MATH = YES;
				ONLY_ACTIVE_ARCH = YES;
				SDKROOT = iphoneos;
				SWIFT_ACTIVE_COMPILATION_CONDITIONS = DEBUG;
				SWIFT_OPTIMIZATION_LEVEL = "-Onone";
			};
			name = Debug;
		};
		235E281A27D3574800CC5D10 /* Release */ = {
			isa = XCBuildConfiguration;
			buildSettings = {
				ALWAYS_SEARCH_USER_PATHS = NO;
				CLANG_ANALYZER_NONNULL = YES;
				CLANG_ANALYZER_NUMBER_OBJECT_CONVERSION = YES_AGGRESSIVE;
				CLANG_CXX_LANGUAGE_STANDARD = "gnu++17";
				CLANG_CXX_LIBRARY = "libc++";
				CLANG_ENABLE_MODULES = YES;
				CLANG_ENABLE_OBJC_ARC = YES;
				CLANG_ENABLE_OBJC_WEAK = YES;
				CLANG_WARN_BLOCK_CAPTURE_AUTORELEASING = YES;
				CLANG_WARN_BOOL_CONVERSION = YES;
				CLANG_WARN_COMMA = YES;
				CLANG_WARN_CONSTANT_CONVERSION = YES;
				CLANG_WARN_DEPRECATED_OBJC_IMPLEMENTATIONS = YES;
				CLANG_WARN_DIRECT_OBJC_ISA_USAGE = YES_ERROR;
				CLANG_WARN_DOCUMENTATION_COMMENTS = YES;
				CLANG_WARN_EMPTY_BODY = YES;
				CLANG_WARN_ENUM_CONVERSION = YES;
				CLANG_WARN_INFINITE_RECURSION = YES;
				CLANG_WARN_INT_CONVERSION = YES;
				CLANG_WARN_NON_LITERAL_NULL_CONVERSION = YES;
				CLANG_WARN_OBJC_IMPLICIT_RETAIN_SELF = YES;
				CLANG_WARN_OBJC_LITERAL_CONVERSION = YES;
				CLANG_WARN_OBJC_ROOT_CLASS = YES_ERROR;
				CLANG_WARN_QUOTED_INCLUDE_IN_FRAMEWORK_HEADER = YES;
				CLANG_WARN_RANGE_LOOP_ANALYSIS = YES;
				CLANG_WARN_STRICT_PROTOTYPES = YES;
				CLANG_WARN_SUSPICIOUS_MOVE = YES;
				CLANG_WARN_UNGUARDED_AVAILABILITY = YES_AGGRESSIVE;
				CLANG_WARN_UNREACHABLE_CODE = YES;
				CLANG_WARN__DUPLICATE_METHOD_MATCH = YES;
				COPY_PHASE_STRIP = NO;
				DEBUG_INFORMATION_FORMAT = "dwarf-with-dsym";
				ENABLE_NS_ASSERTIONS = NO;
				ENABLE_STRICT_OBJC_MSGSEND = YES;
				GCC_C_LANGUAGE_STANDARD = gnu11;
				GCC_NO_COMMON_BLOCKS = YES;
				GCC_WARN_64_TO_32_BIT_CONVERSION = YES;
				GCC_WARN_ABOUT_RETURN_TYPE = YES_ERROR;
				GCC_WARN_UNDECLARED_SELECTOR = YES;
				GCC_WARN_UNINITIALIZED_AUTOS = YES_AGGRESSIVE;
				GCC_WARN_UNUSED_FUNCTION = YES;
				GCC_WARN_UNUSED_VARIABLE = YES;
				IPHONEOS_DEPLOYMENT_TARGET = 15.0;
				MTL_ENABLE_DEBUG_INFO = NO;
				MTL_FAST_MATH = YES;
				SDKROOT = iphoneos;
				SWIFT_COMPILATION_MODE = wholemodule;
				SWIFT_OPTIMIZATION_LEVEL = "-O";
				VALIDATE_PRODUCT = YES;
			};
			name = Release;
		};
		235E281C27D3574800CC5D10 /* Debug */ = {
			isa = XCBuildConfiguration;
			baseConfigurationReference = E30494EA9D8E1E124BFF2605 /* Pods-DEARPHOTO.debug.xcconfig */;
			buildSettings = {
				ASSETCATALOG_COMPILER_APPICON_NAME = AppIcon;
				ASSETCATALOG_COMPILER_GLOBAL_ACCENT_COLOR_NAME = AccentColor;
				CODE_SIGN_STYLE = Automatic;
				CURRENT_PROJECT_VERSION = 1;
				DEVELOPMENT_TEAM = U2Z5Z44P4R;
				GENERATE_INFOPLIST_FILE = YES;
				INFOPLIST_FILE = DEARPHOTO/Supports/Info.plist;
				INFOPLIST_KEY_NSCameraUsageDescription = "";
				INFOPLIST_KEY_NSPhotoLibraryUsageDescription = "";
				INFOPLIST_KEY_UIApplicationSupportsIndirectInputEvents = YES;
				INFOPLIST_KEY_UILaunchStoryboardName = LaunchScreen;
				INFOPLIST_KEY_UIMainStoryboardFile = TabBar;
				INFOPLIST_KEY_UISupportedInterfaceOrientations_iPad = "UIInterfaceOrientationPortrait UIInterfaceOrientationPortraitUpsideDown UIInterfaceOrientationLandscapeLeft UIInterfaceOrientationLandscapeRight";
				INFOPLIST_KEY_UISupportedInterfaceOrientations_iPhone = "UIInterfaceOrientationPortrait UIInterfaceOrientationLandscapeLeft UIInterfaceOrientationLandscapeRight";
				LD_RUNPATH_SEARCH_PATHS = (
					"$(inherited)",
					"@executable_path/Frameworks",
				);
				MARKETING_VERSION = 1.0;
				PRODUCT_BUNDLE_IDENTIFIER = com.UNITHONComplete.DEARPHOTO;
				PRODUCT_NAME = "$(TARGET_NAME)";
				SWIFT_EMIT_LOC_STRINGS = YES;
				SWIFT_VERSION = 5.0;
				TARGETED_DEVICE_FAMILY = "1,2";
			};
			name = Debug;
		};
		235E281D27D3574800CC5D10 /* Release */ = {
			isa = XCBuildConfiguration;
			baseConfigurationReference = ED914257561192D24619E07C /* Pods-DEARPHOTO.release.xcconfig */;
			buildSettings = {
				ASSETCATALOG_COMPILER_APPICON_NAME = AppIcon;
				ASSETCATALOG_COMPILER_GLOBAL_ACCENT_COLOR_NAME = AccentColor;
				CODE_SIGN_STYLE = Automatic;
				CURRENT_PROJECT_VERSION = 1;
				DEVELOPMENT_TEAM = U2Z5Z44P4R;
				GENERATE_INFOPLIST_FILE = YES;
				INFOPLIST_FILE = DEARPHOTO/Supports/Info.plist;
				INFOPLIST_KEY_NSCameraUsageDescription = "";
				INFOPLIST_KEY_NSPhotoLibraryUsageDescription = "";
				INFOPLIST_KEY_UIApplicationSupportsIndirectInputEvents = YES;
				INFOPLIST_KEY_UILaunchStoryboardName = LaunchScreen;
				INFOPLIST_KEY_UIMainStoryboardFile = TabBar;
				INFOPLIST_KEY_UISupportedInterfaceOrientations_iPad = "UIInterfaceOrientationPortrait UIInterfaceOrientationPortraitUpsideDown UIInterfaceOrientationLandscapeLeft UIInterfaceOrientationLandscapeRight";
				INFOPLIST_KEY_UISupportedInterfaceOrientations_iPhone = "UIInterfaceOrientationPortrait UIInterfaceOrientationLandscapeLeft UIInterfaceOrientationLandscapeRight";
				LD_RUNPATH_SEARCH_PATHS = (
					"$(inherited)",
					"@executable_path/Frameworks",
				);
				MARKETING_VERSION = 1.0;
				PRODUCT_BUNDLE_IDENTIFIER = com.UNITHONComplete.DEARPHOTO;
				PRODUCT_NAME = "$(TARGET_NAME)";
				SWIFT_EMIT_LOC_STRINGS = YES;
				SWIFT_VERSION = 5.0;
				TARGETED_DEVICE_FAMILY = "1,2";
			};
			name = Release;
		};
/* End XCBuildConfiguration section */

/* Begin XCConfigurationList section */
		235E280227D3574800CC5D10 /* Build configuration list for PBXProject "DEARPHOTO" */ = {
			isa = XCConfigurationList;
			buildConfigurations = (
				235E281927D3574800CC5D10 /* Debug */,
				235E281A27D3574800CC5D10 /* Release */,
			);
			defaultConfigurationIsVisible = 0;
			defaultConfigurationName = Release;
		};
		235E281B27D3574800CC5D10 /* Build configuration list for PBXNativeTarget "DEARPHOTO" */ = {
			isa = XCConfigurationList;
			buildConfigurations = (
				235E281C27D3574800CC5D10 /* Debug */,
				235E281D27D3574800CC5D10 /* Release */,
			);
			defaultConfigurationIsVisible = 0;
			defaultConfigurationName = Release;
		};
/* End XCConfigurationList section */
	};
	rootObject = 235E27FF27D3574800CC5D10 /* Project object */;
}
